{
  "originHash" : "88abd198479816746d7d191b6f35f8014c484df02254dd3784b88c4d41c23baf",
  "pins" : [
    {
      "identity" : "amsmb2",
      "kind" : "remoteSourceControl",
      "location" : "https://github.com/amosavian/AMSMB2.git",
      "state" : {
        "revision" : "497ce6e3d39f36b1b5af44f56b9a1273b6c91164"
      }
    }
  ],
  "version" : 3
}
